
Microsoft Visual Studio Solution File, Format Version 12.00
# Visual Studio Version 17
VisualStudioVersion = 17.13.35931.197 d17.13
MinimumVisualStudioVersion = 10.0.40219.1
Project("{FAE04EC0-301F-11D3-BF4B-00C04F79EFBC}") = "Consultorios_medicos", "Consultorios_medicos\Consultorios_medicos.csproj", "{11FA2604-BE07-451C-B795-DB9DDF121119}"
EndProject
Global
	GlobalSection(SolutionConfigurationPlatforms) = preSolution
		Debug|Any CPU = Debug|Any CPU
		Release|Any CPU = Release|Any CPU
	EndGlobalSection
	GlobalSection(ProjectConfigurationPlatforms) = postSolution
		{11FA2604-BE07-451C-B795-DB9DDF121119}.Debug|Any CPU.ActiveCfg = Debug|Any CPU
		{11FA2604-BE07-451C-B795-DB9DDF121119}.Debug|Any CPU.Build.0 = Debug|Any CPU
		{11FA2604-BE07-451C-B795-DB9DDF121119}.Release|Any CPU.ActiveCfg = Release|Any CPU
		{11FA2604-BE07-451C-B795-DB9DDF121119}.Release|Any CPU.Build.0 = Release|Any CPU
	EndGlobalSection
	GlobalSection(SolutionProperties) = preSolution
		HideSolutionNode = FALSE
	EndGlobalSection
	GlobalSection(ExtensibilityGlobals) = postSolution
		SolutionGuid = {C74302AC-15BB-456D-AF5E-3EEAC345549A}
	EndGlobalSection
EndGlobal
